
Microsoft Visual Studio Solution File, Format Version 12.00
# Visual Studio Version 17
VisualStudioVersion = 17.7.34031.279
MinimumVisualStudioVersion = 10.0.40219.1
Project("{9A19103F-16F7-4668-BE54-9A1E7A4F7556}") = "ProgrammingLanguageEnvironment", "ProgrammingLanguageEnvironment\ProgrammingLanguageEnvironment.csproj", "{FF0A687A-C213-4231-81F9-FF62593C594F}"
EndProject
Project("{FAE04EC0-301F-11D3-BF4B-00C04F79EFBC}") = "UnitTestPLE", "UnitTestPLE\UnitTestPLE.csproj", "{11DD2B83-71D3-4686-A85E-D21A8CAE125C}"
EndProject
Global
	GlobalSection(SolutionConfigurationPlatforms) = preSolution
		Debug|Any CPU = Debug|Any CPU
		Release|Any CPU = Release|Any CPU
	EndGlobalSection
	GlobalSection(ProjectConfigurationPlatforms) = postSolution
		{FF0A687A-C213-4231-81F9-FF62593C594F}.Debug|Any CPU.ActiveCfg = Debug|Any CPU
		{FF0A687A-C213-4231-81F9-FF62593C594F}.Debug|Any CPU.Build.0 = Debug|Any CPU
		{FF0A687A-C213-4231-81F9-FF62593C594F}.Release|Any CPU.ActiveCfg = Release|Any CPU
		{FF0A687A-C213-4231-81F9-FF62593C594F}.Release|Any CPU.Build.0 = Release|Any CPU
		{11DD2B83-71D3-4686-A85E-D21A8CAE125C}.Debug|Any CPU.ActiveCfg = Debug|Any CPU
		{11DD2B83-71D3-4686-A85E-D21A8CAE125C}.Debug|Any CPU.Build.0 = Debug|Any CPU
		{11DD2B83-71D3-4686-A85E-D21A8CAE125C}.Release|Any CPU.ActiveCfg = Release|Any CPU
		{11DD2B83-71D3-4686-A85E-D21A8CAE125C}.Release|Any CPU.Build.0 = Release|Any CPU
	EndGlobalSection
	GlobalSection(SolutionProperties) = preSolution
		HideSolutionNode = FALSE
	EndGlobalSection
	GlobalSection(ExtensibilityGlobals) = postSolution
		SolutionGuid = {7789B92F-CF0F-4918-9B59-BD9300119C0C}
	EndGlobalSection
EndGlobal
